
Microsoft Visual Studio Solution File, Format Version 12.00
# Visual Studio 15
VisualStudioVersion = 15.0.27130.2027
MinimumVisualStudioVersion = 10.0.40219.1
Project("{FAE04EC0-301F-11D3-BF4B-00C04F79EFBC}") = "Template Challenge by Alma Velazquez", "Template Challenge by Alma Velazquez\Template Challenge by Alma Velazquez.csproj", "{A0DECF15-6ED3-427C-A090-3CFD5C4A574A}"
EndProject
Global
	GlobalSection(SolutionConfigurationPlatforms) = preSolution
		Debug|Any CPU = Debug|Any CPU
		Release|Any CPU = Release|Any CPU
	EndGlobalSection
	GlobalSection(ProjectConfigurationPlatforms) = postSolution
		{A0DECF15-6ED3-427C-A090-3CFD5C4A574A}.Debug|Any CPU.ActiveCfg = Debug|Any CPU
		{A0DECF15-6ED3-427C-A090-3CFD5C4A574A}.Debug|Any CPU.Build.0 = Debug|Any CPU
		{A0DECF15-6ED3-427C-A090-3CFD5C4A574A}.Release|Any CPU.ActiveCfg = Release|Any CPU
		{A0DECF15-6ED3-427C-A090-3CFD5C4A574A}.Release|Any CPU.Build.0 = Release|Any CPU
	EndGlobalSection
	GlobalSection(SolutionProperties) = preSolution
		HideSolutionNode = FALSE
	EndGlobalSection
	GlobalSection(ExtensibilityGlobals) = postSolution
		SolutionGuid = {D97A2666-5AED-4239-8C51-A7DC6009EFF3}
	EndGlobalSection
EndGlobal
